
Microsoft Visual Studio Solution File, Format Version 12.00
# Visual Studio Version 16
VisualStudioVersion = 16.0.30907.101
MinimumVisualStudioVersion = 10.0.40219.1
Project("{FAE04EC0-301F-11D3-BF4B-00C04F79EFBC}") = "BillTracker.Backend", "BillTracker.Backend\BillTracker.Backend.csproj", "{C8421DC5-DD0C-4201-B565-3C9D04E04D98}"
EndProject
Global
	GlobalSection(SolutionConfigurationPlatforms) = preSolution
		Debug|Any CPU = Debug|Any CPU
		Release|Any CPU = Release|Any CPU
	EndGlobalSection
	GlobalSection(ProjectConfigurationPlatforms) = postSolution
		{C8421DC5-DD0C-4201-B565-3C9D04E04D98}.Debug|Any CPU.ActiveCfg = Debug|Any CPU
		{C8421DC5-DD0C-4201-B565-3C9D04E04D98}.Debug|Any CPU.Build.0 = Debug|Any CPU
		{C8421DC5-DD0C-4201-B565-3C9D04E04D98}.Release|Any CPU.ActiveCfg = Release|Any CPU
		{C8421DC5-DD0C-4201-B565-3C9D04E04D98}.Release|Any CPU.Build.0 = Release|Any CPU
	EndGlobalSection
	GlobalSection(SolutionProperties) = preSolution
		HideSolutionNode = FALSE
	EndGlobalSection
	GlobalSection(ExtensibilityGlobals) = postSolution
		SolutionGuid = {F7112EEB-E597-490D-8D1A-6D30547B4F6B}
	EndGlobalSection
EndGlobal
